// !$*UTF8*$!
{
	archiveVersion = 1;
	classes = {
	};
	objectVersion = 46;
	objects = {

/* Begin PBXBuildFile section */
		1342BC8C1B4ACFD9004EB086 /* AppDelegate.swift in Sources */ = {isa = PBXBuildFile; fileRef = 1342BC8B1B4ACFD9004EB086 /* AppDelegate.swift */; };
		1342BC8E1B4ACFD9004EB086 /* ViewController.swift in Sources */ = {isa = PBXBuildFile; fileRef = 1342BC8D1B4ACFD9004EB086 /* ViewController.swift */; };
		1342BC911B4ACFD9004EB086 /* Main.storyboard in Resources */ = {isa = PBXBuildFile; fileRef = 1342BC8F1B4ACFD9004EB086 /* Main.storyboard */; };
		1342BC931B4ACFD9004EB086 /* Images.xcassets in Resources */ = {isa = PBXBuildFile; fileRef = 1342BC921B4ACFD9004EB086 /* Images.xcassets */; };
		1342BC961B4ACFD9004EB086 /* LaunchScreen.xib in Resources */ = {isa = PBXBuildFile; fileRef = 1342BC941B4ACFD9004EB086 /* LaunchScreen.xib */; };
		1342BCA21B4ACFD9004EB086 /* CatYear2Tests.swift in Sources */ = {isa = PBXBuildFile; fileRef = 1342BCA11B4ACFD9004EB086 /* CatYear2Tests.swift */; };
		1342BCAC1B4AD301004EB086 /* Pusheen.png in Resources */ = {isa = PBXBuildFile; fileRef = 1342BCAB1B4AD301004EB086 /* Pusheen.png */; };
/* End PBXBuildFile section */

/* Begin PBXContainerItemProxy section */
		1342BC9C1B4ACFD9004EB086 /* PBXContainerItemProxy */ = {
			isa = PBXContainerItemProxy;
			containerPortal = 1342BC7E1B4ACFD9004EB086 /* Project object */;
			proxyType = 1;
			remoteGlobalIDString = 1342BC851B4ACFD9004EB086;
			remoteInfo = CatYear2;
		};
/* End PBXContainerItemProxy section */

/* Begin PBXFileReference section */
		1342BC861B4ACFD9004EB086 /* CatYear2.app */ = {isa = PBXFileReference; explicitFileType = wrapper.application; includeInIndex = 0; path = CatYear2.app; sourceTree = BUILT_PRODUCTS_DIR; };
		1342BC8A1B4ACFD9004EB086 /* Info.plist */ = {isa = PBXFileReference; lastKnownFileType = text.plist.xml; path = Info.plist; sourceTree = "<group>"; };
		1342BC8B1B4ACFD9004EB086 /* AppDelegate.swift */ = {isa = PBXFileReference; lastKnownFileType = sourcecode.swift; path = AppDelegate.swift; sourceTree = "<group>"; };
		1342BC8D1B4ACFD9004EB086 /* ViewController.swift */ = {isa = PBXFileReference; lastKnownFileType = sourcecode.swift; path = ViewController.swift; sourceTree = "<group>"; };
		1342BC901B4ACFD9004EB086 /* Base */ = {isa = PBXFileReference; lastKnownFileType = file.storyboard; name = Base; path = Base.lproj/Main.storyboard; sourceTree = "<group>"; };
		1342BC921B4ACFD9004EB086 /* Images.xcassets */ = {isa = PBXFileReference; lastKnownFileType = folder.assetcatalog; path = Images.xcassets; sourceTree = "<group>"; };
		1342BC951B4ACFD9004EB086 /* Base */ = {isa = PBXFileReference; lastKnownFileType = file.xib; name = Base; path = Base.lproj/LaunchScreen.xib; sourceTree = "<group>"; };
		1342BC9B1B4ACFD9004EB086 /* CatYear2Tests.xctest */ = {isa = PBXFileReference; explicitFileType = wrapper.cfbundle; includeInIndex = 0; path = CatYear2Tests.xctest; sourceTree = BUILT_PRODUCTS_DIR; };
		1342BCA01B4ACFD9004EB086 /* Info.plist */ = {isa = PBXFileReference; lastKnownFileType = text.plist.xml; path = Info.plist; sourceTree = "<group>"; };
		1342BCA11B4ACFD9004EB086 /* CatYear2Tests.swift */ = {isa = PBXFileReference; lastKnownFileType = sourcecode.swift; path = CatYear2Tests.swift; sourceTree = "<group>"; };
		1342BCAB1B4AD301004EB086 /* Pusheen.png */ = {isa = PBXFileReference; lastKnownFileType = image.png; path = Pusheen.png; sourceTree = "<group>"; };
/* End PBXFileReference section */

/* Begin PBXFrameworksBuildPhase section */
		1342BC831B4ACFD9004EB086 /* Frameworks */ = {
			isa = PBXFrameworksBuildPhase;
			buildActionMask = 2147483647;
			files = (
			);
			runOnlyForDeploymentPostprocessing = 0;
		};
		1342BC981B4ACFD9004EB086 /* Frameworks */ = {
			isa = PBXFrameworksBuildPhase;
			buildActionMask = 2147483647;
			files = (
			);
			runOnlyForDeploymentPostprocessing = 0;
		};
/* End PBXFrameworksBuildPhase section */

/* Begin PBXGroup section */
		1342BC7D1B4ACFD9004EB086 = {
			isa = PBXGroup;
			children = (
				1342BC881B4ACFD9004EB086 /* CatYear2 */,
				1342BC9E1B4ACFD9004EB086 /* CatYear2Tests */,
				1342BC871B4ACFD9004EB086 /* Products */,
			);
			sourceTree = "<group>";
		};
		1342BC871B4ACFD9004EB086 /* Products */ = {
			isa = PBXGroup;
			children = (
				1342BC861B4ACFD9004EB086 /* CatYear2.app */,
				1342BC9B1B4ACFD9004EB086 /* CatYear2Tests.xctest */,
			);
			name = Products;
			sourceTree = "<group>";
		};
		1342BC881B4ACFD9004EB086 /* CatYear2 */ = {
			isa = PBXGroup;
			children = (
				1342BC8B1B4ACFD9004EB086 /* AppDelegate.swift */,
				1342BC8D1B4ACFD9004EB086 /* ViewController.swift */,
				1342BC8F1B4ACFD9004EB086 /* Main.storyboard */,
				1342BCAB1B4AD301004EB086 /* Pusheen.png */,
				1342BC921B4ACFD9004EB086 /* Images.xcassets */,
				1342BC941B4ACFD9004EB086 /* LaunchScreen.xib */,
				1342BC891B4ACFD9004EB086 /* Supporting Files */,
			);
			path = CatYear2;
			sourceTree = "<group>";
		};
		1342BC891B4ACFD9004EB086 /* Supporting Files */ = {
			isa = PBXGroup;
			children = (
				1342BC8A1B4ACFD9004EB086 /* Info.plist */,
			);
			name = "Supporting Files";
			sourceTree = "<group>";
		};
		1342BC9E1B4ACFD9004EB086 /* CatYear2Tests */ = {
			isa = PBXGroup;
			children = (
				1342BCA11B4ACFD9004EB086 /* CatYear2Tests.swift */,
				1342BC9F1B4ACFD9004EB086 /* Supporting Files */,
			);
			path = CatYear2Tests;
			sourceTree = "<group>";
		};
		1342BC9F1B4ACFD9004EB086 /* Supporting Files */ = {
			isa = PBXGroup;
			children = (
				1342BCA01B4ACFD9004EB086 /* Info.plist */,
			);
			name = "Supporting Files";
			sourceTree = "<group>";
		};
/* End PBXGroup section */

/* Begin PBXNativeTarget section */
		1342BC851B4ACFD9004EB086 /* CatYear2 */ = {
			isa = PBXNativeTarget;
			buildConfigurationList = 1342BCA51B4ACFD9004EB086 /* Build configuration list for PBXNativeTarget "CatYear2" */;
			buildPhases = (
				1342BC821B4ACFD9004EB086 /* Sources */,
				1342BC831B4ACFD9004EB086 /* Frameworks */,
				1342BC841B4ACFD9004EB086 /* Resources */,
			);
			buildRules = (
			);
			dependencies = (
			);
			name = CatYear2;
			productName = CatYear2;
			productReference = 1342BC861B4ACFD9004EB086 /* CatYear2.app */;
			productType = "com.apple.product-type.application";
		};
		1342BC9A1B4ACFD9004EB086 /* CatYear2Tests */ = {
			isa = PBXNativeTarget;
			buildConfigurationList = 1342BCA81B4ACFD9004EB086 /* Build configuration list for PBXNativeTarget "CatYear2Tests" */;
			buildPhases = (
				1342BC971B4ACFD9004EB086 /* Sources */,
				1342BC981B4ACFD9004EB086 /* Frameworks */,
				1342BC991B4ACFD9004EB086 /* Resources */,
			);
			buildRules = (
			);
			dependencies = (
				1342BC9D1B4ACFD9004EB086 /* PBXTargetDependency */,
			);
			name = CatYear2Tests;
			productName = CatYear2Tests;
			productReference = 1342BC9B1B4ACFD9004EB086 /* CatYear2Tests.xctest */;
			productType = "com.apple.product-type.bundle.unit-test";
		};
/* End PBXNativeTarget section */

/* Begin PBXProject section */
		1342BC7E1B4ACFD9004EB086 /* Project object */ = {
			isa = PBXProject;
			attributes = {
				LastUpgradeCheck = 0630;
				ORGANIZATIONNAME = HahaTTpro;
				TargetAttributes = {
					1342BC851B4ACFD9004EB086 = {
						CreatedOnToolsVersion = 6.3.2;
					};
					1342BC9A1B4ACFD9004EB086 = {
						CreatedOnToolsVersion = 6.3.2;
						TestTargetID = 1342BC851B4ACFD9004EB086;
					};
				};
			};
			buildConfigurationList = 1342BC811B4ACFD9004EB086 /* Build configuration list for PBXProject "CatYear2" */;
			compatibilityVersion = "Xcode 3.2";
			developmentRegion = English;
			hasScannedForEncodings = 0;
			knownRegions = (
				en,
				Base,
			);
			mainGroup = 1342BC7D1B4ACFD9004EB086;
			productRefGroup = 1342BC871B4ACFD9004EB086 /* Products */;
			projectDirPath = "";
			projectRoot = "";
			targets = (
				1342BC851B4ACFD9004EB086 /* CatYear2 */,
				1342BC9A1B4ACFD9004EB086 /* CatYear2Tests */,
			);
		};
/* End PBXProject section */

/* Begin PBXResourcesBuildPhase section */
		1342BC841B4ACFD9004EB086 /* Resources */ = {
			isa = PBXResourcesBuildPhase;
			buildActionMask = 2147483647;
			files = (
				1342BC911B4ACFD9004EB086 /* Main.storyboard in Resources */,
				1342BC961B4ACFD9004EB086 /* LaunchScreen.xib in Resources */,
				1342BCAC1B4AD301004EB086 /* Pusheen.png in Resources */,
				1342BC931B4ACFD9004EB086 /* Images.xcassets in Resources */,
			);
			runOnlyForDeploymentPostprocessing = 0;
		};
		1342BC991B4ACFD9004EB086 /* Resources */ = {
			isa = PBXResourcesBuildPhase;
			buildActionMask = 2147483647;
			files = (
			);
			runOnlyForDeploymentPostprocessing = 0;
		};
/* End PBXResourcesBuildPhase section */

/* Begin PBXSourcesBuildPhase section */
		1342BC821B4ACFD9004EB086 /* Sources */ = {
			isa = PBXSourcesBuildPhase;
			buildActionMask = 2147483647;
			files = (
				1342BC8E1B4ACFD9004EB086 /* ViewController.swift in Sources */,
				1342BC8C1B4ACFD9004EB086 /* AppDelegate.swift in Sources */,
			);
			runOnlyForDeploymentPostprocessing = 0;
		};
		1342BC971B4ACFD9004EB086 /* Sources */ = {
			isa = PBXSourcesBuildPhase;
			buildActionMask = 2147483647;
			files = (
				1342BCA21B4ACFD9004EB086 /* CatYear2Tests.swift in Sources */,
			);
			runOnlyForDeploymentPostprocessing = 0;
		};
/* End PBXSourcesBuildPhase section */

/* Begin PBXTargetDependency section */
		1342BC9D1B4ACFD9004EB086 /* PBXTargetDependency */ = {
			isa = PBXTargetDependency;
			target = 1342BC851B4ACFD9004EB086 /* CatYear2 */;
			targetProxy = 1342BC9C1B4ACFD9004EB086 /* PBXContainerItemProxy */;
		};
/* End PBXTargetDependency section */

/* Begin PBXVariantGroup section */
		1342BC8F1B4ACFD9004EB086 /* Main.storyboard */ = {
			isa = PBXVariantGroup;
			children = (
				1342BC901B4ACFD9004EB086 /* Base */,
			);
			name = Main.storyboard;
			sourceTree = "<group>";
		};
		1342BC941B4ACFD9004EB086 /* LaunchScreen.xib */ = {
			isa = PBXVariantGroup;
			children = (
				1342BC951B4ACFD9004EB086 /* Base */,
			);
			name = LaunchScreen.xib;
			sourceTree = "<group>";
		};
/* End PBXVariantGroup section */

/* Begin XCBuildConfiguration section */
		1342BCA31B4ACFD9004EB086 /* Debug */ = {
			isa = XCBuildConfiguration;
			buildSettings = {
				ALWAYS_SEARCH_USER_PATHS = NO;
				CLANG_CXX_LANGUAGE_STANDARD = "gnu++0x";
				CLANG_CXX_LIBRARY = "libc++";
				CLANG_ENABLE_MODULES = YES;
				CLANG_ENABLE_OBJC_ARC = YES;
				CLANG_WARN_BOOL_CONVERSION = YES;
				CLANG_WARN_CONSTANT_CONVERSION = YES;
				CLANG_WARN_DIRECT_OBJC_ISA_USAGE = YES_ERROR;
				CLANG_WARN_EMPTY_BODY = YES;
				CLANG_WARN_ENUM_CONVERSION = YES;
				CLANG_WARN_INT_CONVERSION = YES;
				CLANG_WARN_OBJC_ROOT_CLASS = YES_ERROR;
				CLANG_WARN_UNREACHABLE_CODE = YES;
				CLANG_WARN__DUPLICATE_METHOD_MATCH = YES;
				"CODE_SIGN_IDENTITY[sdk=iphoneos*]" = "iPhone Developer";
				COPY_PHASE_STRIP = NO;
				DEBUG_INFORMATION_FORMAT = "dwarf-with-dsym";
				ENABLE_STRICT_OBJC_MSGSEND = YES;
				GCC_C_LANGUAGE_STANDARD = gnu99;
				GCC_DYNAMIC_NO_PIC = NO;
				GCC_NO_COMMON_BLOCKS = YES;
				GCC_OPTIMIZATION_LEVEL = 0;
				GCC_PREPROCESSOR_DEFINITIONS = (
					"DEBUG=1",
					"$(inherited)",
				);
				GCC_SYMBOLS_PRIVATE_EXTERN = NO;
				GCC_WARN_64_TO_32_BIT_CONVERSION = YES;
				GCC_WARN_ABOUT_RETURN_TYPE = YES_ERROR;
				GCC_WARN_UNDECLARED_SELECTOR = YES;
				GCC_WARN_UNINITIALIZED_AUTOS = YES_AGGRESSIVE;
				GCC_WARN_UNUSED_FUNCTION = YES;
				GCC_WARN_UNUSED_VARIABLE = YES;
				IPHONEOS_DEPLOYMENT_TARGET = 8.3;
				MTL_ENABLE_DEBUG_INFO = YES;
				ONLY_ACTIVE_ARCH = YES;
				SDKROOT = iphoneos;
				SWIFT_OPTIMIZATION_LEVEL = "-Onone";
			};
			name = Debug;
		};
		1342BCA41B4ACFD9004EB086 /* Release */ = {
			isa = XCBuildConfiguration;
			buildSettings = {
				ALWAYS_SEARCH_USER_PATHS = NO;
				CLANG_CXX_LANGUAGE_STANDARD = "gnu++0x";
				CLANG_CXX_LIBRARY = "libc++";
				CLANG_ENABLE_MODULES = YES;
				CLANG_ENABLE_OBJC_ARC = YES;
				CLANG_WARN_BOOL_CONVERSION = YES;
				CLANG_WARN_CONSTANT_CONVERSION = YES;
				CLANG_WARN_DIRECT_OBJC_ISA_USAGE = YES_ERROR;
				CLANG_WARN_EMPTY_BODY = YES;
				CLANG_WARN_ENUM_CONVERSION = YES;
				CLANG_WARN_INT_CONVERSION = YES;
				CLANG_WARN_OBJC_ROOT_CLASS = YES_ERROR;
				CLANG_WARN_UNREACHABLE_CODE = YES;
				CLANG_WARN__DUPLICATE_METHOD_MATCH = YES;
				"CODE_SIGN_IDENTITY[sdk=iphoneos*]" = "iPhone Developer";
				COPY_PHASE_STRIP = NO;
				DEBUG_INFORMATION_FORMAT = "dwarf-with-dsym";
				ENABLE_NS_ASSERTIONS = NO;
				ENABLE_STRICT_OBJC_MSGSEND = YES;
				GCC_C_LANGUAGE_STANDARD = gnu99;
				GCC_NO_COMMON_BLOCKS = YES;
				GCC_WARN_64_TO_32_BIT_CONVERSION = YES;
				GCC_WARN_ABOUT_RETURN_TYPE = YES_ERROR;
				GCC_WARN_UNDECLARED_SELECTOR = YES;
				GCC_WARN_UNINITIALIZED_AUTOS = YES_AGGRESSIVE;
				GCC_WARN_UNUSED_FUNCTION = YES;
				GCC_WARN_UNUSED_VARIABLE = YES;
				IPHONEOS_DEPLOYMENT_TARGET = 8.3;
				MTL_ENABLE_DEBUG_INFO = NO;
				SDKROOT = iphoneos;
				VALIDATE_PRODUCT = YES;
			};
			name = Release;
		};
		1342BCA61B4ACFD9004EB086 /* Debug */ = {
			isa = XCBuildConfiguration;
			buildSettings = {
				ASSETCATALOG_COMPILER_APPICON_NAME = AppIcon;
				INFOPLIST_FILE = CatYear2/Info.plist;
				LD_RUNPATH_SEARCH_PATHS = "$(inherited) @executable_path/Frameworks";
				PRODUCT_NAME = "$(TARGET_NAME)";
			};
			name = Debug;
		};
		1342BCA71B4ACFD9004EB086 /* Release */ = {
			isa = XCBuildConfiguration;
			buildSettings = {
				ASSETCATALOG_COMPILER_APPICON_NAME = AppIcon;
				INFOPLIST_FILE = CatYear2/Info.plist;
				LD_RUNPATH_SEARCH_PATHS = "$(inherited) @executable_path/Frameworks";
				PRODUCT_NAME = "$(TARGET_NAME)";
			};
			name = Release;
		};
		1342BCA91B4ACFD9004EB086 /* Debug */ = {
			isa = XCBuildConfiguration;
			buildSettings = {
				BUNDLE_LOADER = "$(TEST_HOST)";
				FRAMEWORK_SEARCH_PATHS = (
					"$(SDKROOT)/Developer/Library/Frameworks",
					"$(inherited)",
				);
				GCC_PREPROCESSOR_DEFINITIONS = (
					"DEBUG=1",
					"$(inherited)",
				);
				INFOPLIST_FILE = CatYear2Tests/Info.plist;
				LD_RUNPATH_SEARCH_PATHS = "$(inherited) @executable_path/Frameworks @loader_path/Frameworks";
				PRODUCT_NAME = "$(TARGET_NAME)";
				TEST_HOST = "$(BUILT_PRODUCTS_DIR)/CatYear2.app/CatYear2";
			};
			name = Debug;
		};
		1342BCAA1B4ACFD9004EB086 /* Release */ = {
			isa = XCBuildConfiguration;
			buildSettings = {
				BUNDLE_LOADER = "$(TEST_HOST)";
				FRAMEWORK_SEARCH_PATHS = (
					"$(SDKROOT)/Developer/Library/Frameworks",
					"$(inherited)",
				);
				INFOPLIST_FILE = CatYear2Tests/Info.plist;
				LD_RUNPATH_SEARCH_PATHS = "$(inherited) @executable_path/Frameworks @loader_path/Frameworks";
				PRODUCT_NAME = "$(TARGET_NAME)";
				TEST_HOST = "$(BUILT_PRODUCTS_DIR)/CatYear2.app/CatYear2";
			};
			name = Release;
		};
/* End XCBuildConfiguration section */

/* Begin XCConfigurationList section */
		1342BC811B4ACFD9004EB086 /* Build configuration list for PBXProject "CatYear2" */ = {
			isa = XCConfigurationList;
			buildConfigurations = (
				1342BCA31B4ACFD9004EB086 /* Debug */,
				1342BCA41B4ACFD9004EB086 /* Release */,
			);
			defaultConfigurationIsVisible = 0;
			defaultConfigurationName = Release;
		};
		1342BCA51B4ACFD9004EB086 /* Build configuration list for PBXNativeTarget "CatYear2" */ = {
			isa = XCConfigurationList;
			buildConfigurations = (
				1342BCA61B4ACFD9004EB086 /* Debug */,
				1342BCA71B4ACFD9004EB086 /* Release */,
			);
			defaultConfigurationIsVisible = 0;
		};
		1342BCA81B4ACFD9004EB086 /* Build configuration list for PBXNativeTarget "CatYear2Tests" */ = {
			isa = XCConfigurationList;
			buildConfigurations = (
				1342BCA91B4ACFD9004EB086 /* Debug */,
				1342BCAA1B4ACFD9004EB086 /* Release */,
			);
			defaultConfigurationIsVisible = 0;
		};
/* End XCConfigurationList section */
	};
	rootObject = 1342BC7E1B4ACFD9004EB086 /* Project object */;
}
